// !$*UTF8*$!
{
	archiveVersion = 1;
	classes = {
	};
	objectVersion = 46;
	objects = {

/* Begin PBXBuildFile section */
		434B6E1619F8083B0001635F /* UIButton+polygonButton.m in Sources */ = {isa = PBXBuildFile; fileRef = 434B6E1519F8083B0001635F /* UIButton+polygonButton.m */; };
		43A08B3019EF7830004E0E4E /* main.m in Sources */ = {isa = PBXBuildFile; fileRef = 43A08B2F19EF7830004E0E4E /* main.m */; };
		43A08B3319EF7830004E0E4E /* AppDelegate.m in Sources */ = {isa = PBXBuildFile; fileRef = 43A08B3219EF7830004E0E4E /* AppDelegate.m */; };
		43A08B3619EF7830004E0E4E /* polygonButtonDemo.xcdatamodeld in Sources */ = {isa = PBXBuildFile; fileRef = 43A08B3419EF7830004E0E4E /* polygonButtonDemo.xcdatamodeld */; };
		43A08B3919EF7830004E0E4E /* ViewController.m in Sources */ = {isa = PBXBuildFile; fileRef = 43A08B3819EF7830004E0E4E /* ViewController.m */; };
		43A08B3C19EF7830004E0E4E /* Main.storyboard in Resources */ = {isa = PBXBuildFile; fileRef = 43A08B3A19EF7830004E0E4E /* Main.storyboard */; };
		43A08B3E19EF7830004E0E4E /* Images.xcassets in Resources */ = {isa = PBXBuildFile; fileRef = 43A08B3D19EF7830004E0E4E /* Images.xcassets */; };
		43A08B4119EF7830004E0E4E /* LaunchScreen.xib in Resources */ = {isa = PBXBuildFile; fileRef = 43A08B3F19EF7830004E0E4E /* LaunchScreen.xib */; };
		43A08B4D19EF7830004E0E4E /* polygonButtonDemoTests.m in Sources */ = {isa = PBXBuildFile; fileRef = 43A08B4C19EF7830004E0E4E /* polygonButtonDemoTests.m */; };
		43A08B5819EFA520004E0E4E /* polygonButton.m in Sources */ = {isa = PBXBuildFile; fileRef = 43A08B5719EFA520004E0E4E /* polygonButton.m */; };
/* End PBXBuildFile section */

/* Begin PBXContainerItemProxy section */
		43A08B4719EF7830004E0E4E /* PBXContainerItemProxy */ = {
			isa = PBXContainerItemProxy;
			containerPortal = 43A08B2219EF7830004E0E4E /* Project object */;
			proxyType = 1;
			remoteGlobalIDString = 43A08B2919EF7830004E0E4E;
			remoteInfo = polygonButtonDemo;
		};
/* End PBXContainerItemProxy section */

/* Begin PBXFileReference section */
		434B6E1419F8083B0001635F /* UIButton+polygonButton.h */ = {isa = PBXFileReference; fileEncoding = 4; lastKnownFileType = sourcecode.c.h; path = "UIButton+polygonButton.h"; sourceTree = "<group>"; };
		434B6E1519F8083B0001635F /* UIButton+polygonButton.m */ = {isa = PBXFileReference; fileEncoding = 4; lastKnownFileType = sourcecode.c.objc; path = "UIButton+polygonButton.m"; sourceTree = "<group>"; };
		43A08B2A19EF7830004E0E4E /* polygonButtonDemo.app */ = {isa = PBXFileReference; explicitFileType = wrapper.application; includeInIndex = 0; path = polygonButtonDemo.app; sourceTree = BUILT_PRODUCTS_DIR; };
		43A08B2E19EF7830004E0E4E /* Info.plist */ = {isa = PBXFileReference; lastKnownFileType = text.plist.xml; path = Info.plist; sourceTree = "<group>"; };
		43A08B2F19EF7830004E0E4E /* main.m */ = {isa = PBXFileReference; lastKnownFileType = sourcecode.c.objc; path = main.m; sourceTree = "<group>"; };
		43A08B3119EF7830004E0E4E /* AppDelegate.h */ = {isa = PBXFileReference; lastKnownFileType = sourcecode.c.h; path = AppDelegate.h; sourceTree = "<group>"; };
		43A08B3219EF7830004E0E4E /* AppDelegate.m */ = {isa = PBXFileReference; lastKnownFileType = sourcecode.c.objc; path = AppDelegate.m; sourceTree = "<group>"; };
		43A08B3519EF7830004E0E4E /* polygonButtonDemo.xcdatamodel */ = {isa = PBXFileReference; lastKnownFileType = wrapper.xcdatamodel; path = polygonButtonDemo.xcdatamodel; sourceTree = "<group>"; };
		43A08B3719EF7830004E0E4E /* ViewController.h */ = {isa = PBXFileReference; lastKnownFileType = sourcecode.c.h; path = ViewController.h; sourceTree = "<group>"; };
		43A08B3819EF7830004E0E4E /* ViewController.m */ = {isa = PBXFileReference; lastKnownFileType = sourcecode.c.objc; path = ViewController.m; sourceTree = "<group>"; };
		43A08B3B19EF7830004E0E4E /* Base */ = {isa = PBXFileReference; lastKnownFileType = file.storyboard; name = Base; path = Base.lproj/Main.storyboard; sourceTree = "<group>"; };
		43A08B3D19EF7830004E0E4E /* Images.xcassets */ = {isa = PBXFileReference; lastKnownFileType = folder.assetcatalog; path = Images.xcassets; sourceTree = "<group>"; };
		43A08B4019EF7830004E0E4E /* Base */ = {isa = PBXFileReference; lastKnownFileType = file.xib; name = Base; path = Base.lproj/LaunchScreen.xib; sourceTree = "<group>"; };
		43A08B4619EF7830004E0E4E /* polygonButtonDemoTests.xctest */ = {isa = PBXFileReference; explicitFileType = wrapper.cfbundle; includeInIndex = 0; path = polygonButtonDemoTests.xctest; sourceTree = BUILT_PRODUCTS_DIR; };
		43A08B4B19EF7830004E0E4E /* Info.plist */ = {isa = PBXFileReference; lastKnownFileType = text.plist.xml; path = Info.plist; sourceTree = "<group>"; };
		43A08B4C19EF7830004E0E4E /* polygonButtonDemoTests.m */ = {isa = PBXFileReference; lastKnownFileType = sourcecode.c.objc; path = polygonButtonDemoTests.m; sourceTree = "<group>"; };
		43A08B5619EFA520004E0E4E /* polygonButton.h */ = {isa = PBXFileReference; fileEncoding = 4; lastKnownFileType = sourcecode.c.h; path = polygonButton.h; sourceTree = "<group>"; };
		43A08B5719EFA520004E0E4E /* polygonButton.m */ = {isa = PBXFileReference; fileEncoding = 4; lastKnownFileType = sourcecode.c.objc; path = polygonButton.m; sourceTree = "<group>"; };
/* End PBXFileReference section */

/* Begin PBXFrameworksBuildPhase section */
		43A08B2719EF7830004E0E4E /* Frameworks */ = {
			isa = PBXFrameworksBuildPhase;
			buildActionMask = 2147483647;
			files = (
			);
			runOnlyForDeploymentPostprocessing = 0;
		};
		43A08B4319EF7830004E0E4E /* Frameworks */ = {
			isa = PBXFrameworksBuildPhase;
			buildActionMask = 2147483647;
			files = (
			);
			runOnlyForDeploymentPostprocessing = 0;
		};
/* End PBXFrameworksBuildPhase section */

/* Begin PBXGroup section */
		43A08B2119EF7830004E0E4E = {
			isa = PBXGroup;
			children = (
				43A08B2C19EF7830004E0E4E /* polygonButtonDemo */,
				43A08B4919EF7830004E0E4E /* polygonButtonDemoTests */,
				43A08B2B19EF7830004E0E4E /* Products */,
			);
			sourceTree = "<group>";
		};
		43A08B2B19EF7830004E0E4E /* Products */ = {
			isa = PBXGroup;
			children = (
				43A08B2A19EF7830004E0E4E /* polygonButtonDemo.app */,
				43A08B4619EF7830004E0E4E /* polygonButtonDemoTests.xctest */,
			);
			name = Products;
			sourceTree = "<group>";
		};
		43A08B2C19EF7830004E0E4E /* polygonButtonDemo */ = {
			isa = PBXGroup;
			children = (
				43A08B3119EF7830004E0E4E /* AppDelegate.h */,
				43A08B3219EF7830004E0E4E /* AppDelegate.m */,
				43A08B3719EF7830004E0E4E /* ViewController.h */,
				43A08B3819EF7830004E0E4E /* ViewController.m */,
				434B6E1419F8083B0001635F /* UIButton+polygonButton.h */,
				434B6E1519F8083B0001635F /* UIButton+polygonButton.m */,
				43A08B5619EFA520004E0E4E /* polygonButton.h */,
				43A08B5719EFA520004E0E4E /* polygonButton.m */,
				43A08B3A19EF7830004E0E4E /* Main.storyboard */,
				43A08B3D19EF7830004E0E4E /* Images.xcassets */,
				43A08B3F19EF7830004E0E4E /* LaunchScreen.xib */,
				43A08B3419EF7830004E0E4E /* polygonButtonDemo.xcdatamodeld */,
				43A08B2D19EF7830004E0E4E /* Supporting Files */,
			);
			path = polygonButtonDemo;
			sourceTree = "<group>";
		};
		43A08B2D19EF7830004E0E4E /* Supporting Files */ = {
			isa = PBXGroup;
			children = (
				43A08B2E19EF7830004E0E4E /* Info.plist */,
				43A08B2F19EF7830004E0E4E /* main.m */,
			);
			name = "Supporting Files";
			sourceTree = "<group>";
		};
		43A08B4919EF7830004E0E4E /* polygonButtonDemoTests */ = {
			isa = PBXGroup;
			children = (
				43A08B4C19EF7830004E0E4E /* polygonButtonDemoTests.m */,
				43A08B4A19EF7830004E0E4E /* Supporting Files */,
			);
			path = polygonButtonDemoTests;
			sourceTree = "<group>";
		};
		43A08B4A19EF7830004E0E4E /* Supporting Files */ = {
			isa = PBXGroup;
			children = (
				43A08B4B19EF7830004E0E4E /* Info.plist */,
			);
			name = "Supporting Files";
			sourceTree = "<group>";
		};
/* End PBXGroup section */

/* Begin PBXNativeTarget section */
		43A08B2919EF7830004E0E4E /* polygonButtonDemo */ = {
			isa = PBXNativeTarget;
			buildConfigurationList = 43A08B5019EF7830004E0E4E /* Build configuration list for PBXNativeTarget "polygonButtonDemo" */;
			buildPhases = (
				43A08B2619EF7830004E0E4E /* Sources */,
				43A08B2719EF7830004E0E4E /* Frameworks */,
				43A08B2819EF7830004E0E4E /* Resources */,
			);
			buildRules = (
			);
			dependencies = (
			);
			name = polygonButtonDemo;
			productName = polygonButtonDemo;
			productReference = 43A08B2A19EF7830004E0E4E /* polygonButtonDemo.app */;
			productType = "com.apple.product-type.application";
		};
		43A08B4519EF7830004E0E4E /* polygonButtonDemoTests */ = {
			isa = PBXNativeTarget;
			buildConfigurationList = 43A08B5319EF7830004E0E4E /* Build configuration list for PBXNativeTarget "polygonButtonDemoTests" */;
			buildPhases = (
				43A08B4219EF7830004E0E4E /* Sources */,
				43A08B4319EF7830004E0E4E /* Frameworks */,
				43A08B4419EF7830004E0E4E /* Resources */,
			);
			buildRules = (
			);
			dependencies = (
				43A08B4819EF7830004E0E4E /* PBXTargetDependency */,
			);
			name = polygonButtonDemoTests;
			productName = polygonButtonDemoTests;
			productReference = 43A08B4619EF7830004E0E4E /* polygonButtonDemoTests.xctest */;
			productType = "com.apple.product-type.bundle.unit-test";
		};
/* End PBXNativeTarget section */

/* Begin PBXProject section */
		43A08B2219EF7830004E0E4E /* Project object */ = {
			isa = PBXProject;
			attributes = {
				LastUpgradeCheck = 0610;
				ORGANIZATIONNAME = "Flouu Apps";
				TargetAttributes = {
					43A08B2919EF7830004E0E4E = {
						CreatedOnToolsVersion = 6.1;
					};
					43A08B4519EF7830004E0E4E = {
						CreatedOnToolsVersion = 6.1;
						TestTargetID = 43A08B2919EF7830004E0E4E;
					};
				};
			};
			buildConfigurationList = 43A08B2519EF7830004E0E4E /* Build configuration list for PBXProject "polygonButtonDemo" */;
			compatibilityVersion = "Xcode 3.2";
			developmentRegion = English;
			hasScannedForEncodings = 0;
			knownRegions = (
				en,
				Base,
			);
			mainGroup = 43A08B2119EF7830004E0E4E;
			productRefGroup = 43A08B2B19EF7830004E0E4E /* Products */;
			projectDirPath = "";
			projectRoot = "";
			targets = (
				43A08B2919EF7830004E0E4E /* polygonButtonDemo */,
				43A08B4519EF7830004E0E4E /* polygonButtonDemoTests */,
			);
		};
/* End PBXProject section */

/* Begin PBXResourcesBuildPhase section */
		43A08B2819EF7830004E0E4E /* Resources */ = {
			isa = PBXResourcesBuildPhase;
			buildActionMask = 2147483647;
			files = (
				43A08B3C19EF7830004E0E4E /* Main.storyboard in Resources */,
				43A08B4119EF7830004E0E4E /* LaunchScreen.xib in Resources */,
				43A08B3E19EF7830004E0E4E /* Images.xcassets in Resources */,
			);
			runOnlyForDeploymentPostprocessing = 0;
		};
		43A08B4419EF7830004E0E4E /* Resources */ = {
			isa = PBXResourcesBuildPhase;
			buildActionMask = 2147483647;
			files = (
			);
			runOnlyForDeploymentPostprocessing = 0;
		};
/* End PBXResourcesBuildPhase section */

/* Begin PBXSourcesBuildPhase section */
		43A08B2619EF7830004E0E4E /* Sources */ = {
			isa = PBXSourcesBuildPhase;
			buildActionMask = 2147483647;
			files = (
				43A08B3619EF7830004E0E4E /* polygonButtonDemo.xcdatamodeld in Sources */,
				43A08B5819EFA520004E0E4E /* polygonButton.m in Sources */,
				434B6E1619F8083B0001635F /* UIButton+polygonButton.m in Sources */,
				43A08B3319EF7830004E0E4E /* AppDelegate.m in Sources */,
				43A08B3919EF7830004E0E4E /* ViewController.m in Sources */,
				43A08B3019EF7830004E0E4E /* main.m in Sources */,
			);
			runOnlyForDeploymentPostprocessing = 0;
		};
		43A08B4219EF7830004E0E4E /* Sources */ = {
			isa = PBXSourcesBuildPhase;
			buildActionMask = 2147483647;
			files = (
				43A08B4D19EF7830004E0E4E /* polygonButtonDemoTests.m in Sources */,
			);
			runOnlyForDeploymentPostprocessing = 0;
		};
/* End PBXSourcesBuildPhase section */

/* Begin PBXTargetDependency section */
		43A08B4819EF7830004E0E4E /* PBXTargetDependency */ = {
			isa = PBXTargetDependency;
			target = 43A08B2919EF7830004E0E4E /* polygonButtonDemo */;
			targetProxy = 43A08B4719EF7830004E0E4E /* PBXContainerItemProxy */;
		};
/* End PBXTargetDependency section */

/* Begin PBXVariantGroup section */
		43A08B3A19EF7830004E0E4E /* Main.storyboard */ = {
			isa = PBXVariantGroup;
			children = (
				43A08B3B19EF7830004E0E4E /* Base */,
			);
			name = Main.storyboard;
			sourceTree = "<group>";
		};
		43A08B3F19EF7830004E0E4E /* LaunchScreen.xib */ = {
			isa = PBXVariantGroup;
			children = (
				43A08B4019EF7830004E0E4E /* Base */,
			);
			name = LaunchScreen.xib;
			sourceTree = "<group>";
		};
/* End PBXVariantGroup section */

/* Begin XCBuildConfiguration section */
		43A08B4E19EF7830004E0E4E /* Debug */ = {
			isa = XCBuildConfiguration;
			buildSettings = {
				ALWAYS_SEARCH_USER_PATHS = NO;
				CLANG_CXX_LANGUAGE_STANDARD = "gnu++0x";
				CLANG_CXX_LIBRARY = "libc++";
				CLANG_ENABLE_MODULES = YES;
				CLANG_ENABLE_OBJC_ARC = YES;
				CLANG_WARN_BOOL_CONVERSION = YES;
				CLANG_WARN_CONSTANT_CONVERSION = YES;
				CLANG_WARN_DIRECT_OBJC_ISA_USAGE = YES_ERROR;
				CLANG_WARN_EMPTY_BODY = YES;
				CLANG_WARN_ENUM_CONVERSION = YES;
				CLANG_WARN_INT_CONVERSION = YES;
				CLANG_WARN_OBJC_ROOT_CLASS = YES_ERROR;
				CLANG_WARN_UNREACHABLE_CODE = YES;
				CLANG_WARN__DUPLICATE_METHOD_MATCH = YES;
				"CODE_SIGN_IDENTITY[sdk=iphoneos*]" = "iPhone Developer";
				COPY_PHASE_STRIP = NO;
				ENABLE_STRICT_OBJC_MSGSEND = YES;
				GCC_C_LANGUAGE_STANDARD = gnu99;
				GCC_DYNAMIC_NO_PIC = NO;
				GCC_OPTIMIZATION_LEVEL = 0;
				GCC_PREPROCESSOR_DEFINITIONS = (
					"DEBUG=1",
					"$(inherited)",
				);
				GCC_SYMBOLS_PRIVATE_EXTERN = NO;
				GCC_WARN_64_TO_32_BIT_CONVERSION = YES;
				GCC_WARN_ABOUT_RETURN_TYPE = YES_ERROR;
				GCC_WARN_UNDECLARED_SELECTOR = YES;
				GCC_WARN_UNINITIALIZED_AUTOS = YES_AGGRESSIVE;
				GCC_WARN_UNUSED_FUNCTION = YES;
				GCC_WARN_UNUSED_VARIABLE = YES;
				IPHONEOS_DEPLOYMENT_TARGET = 8.1;
				MTL_ENABLE_DEBUG_INFO = YES;
				ONLY_ACTIVE_ARCH = YES;
				SDKROOT = iphoneos;
			};
			name = Debug;
		};
		43A08B4F19EF7830004E0E4E /* Release */ = {
			isa = XCBuildConfiguration;
			buildSettings = {
				ALWAYS_SEARCH_USER_PATHS = NO;
				CLANG_CXX_LANGUAGE_STANDARD = "gnu++0x";
				CLANG_CXX_LIBRARY = "libc++";
				CLANG_ENABLE_MODULES = YES;
				CLANG_ENABLE_OBJC_ARC = YES;
				CLANG_WARN_BOOL_CONVERSION = YES;
				CLANG_WARN_CONSTANT_CONVERSION = YES;
				CLANG_WARN_DIRECT_OBJC_ISA_USAGE = YES_ERROR;
				CLANG_WARN_EMPTY_BODY = YES;
				CLANG_WARN_ENUM_CONVERSION = YES;
				CLANG_WARN_INT_CONVERSION = YES;
				CLANG_WARN_OBJC_ROOT_CLASS = YES_ERROR;
				CLANG_WARN_UNREACHABLE_CODE = YES;
				CLANG_WARN__DUPLICATE_METHOD_MATCH = YES;
				"CODE_SIGN_IDENTITY[sdk=iphoneos*]" = "iPhone Developer";
				COPY_PHASE_STRIP = YES;
				ENABLE_NS_ASSERTIONS = NO;
				ENABLE_STRICT_OBJC_MSGSEND = YES;
				GCC_C_LANGUAGE_STANDARD = gnu99;
				GCC_WARN_64_TO_32_BIT_CONVERSION = YES;
				GCC_WARN_ABOUT_RETURN_TYPE = YES_ERROR;
				GCC_WARN_UNDECLARED_SELECTOR = YES;
				GCC_WARN_UNINITIALIZED_AUTOS = YES_AGGRESSIVE;
				GCC_WARN_UNUSED_FUNCTION = YES;
				GCC_WARN_UNUSED_VARIABLE = YES;
				IPHONEOS_DEPLOYMENT_TARGET = 8.1;
				MTL_ENABLE_DEBUG_INFO = NO;
				SDKROOT = iphoneos;
				VALIDATE_PRODUCT = YES;
			};
			name = Release;
		};
		43A08B5119EF7830004E0E4E /* Debug */ = {
			isa = XCBuildConfiguration;
			buildSettings = {
				ASSETCATALOG_COMPILER_APPICON_NAME = AppIcon;
				INFOPLIST_FILE = polygonButtonDemo/Info.plist;
				LD_RUNPATH_SEARCH_PATHS = "$(inherited) @executable_path/Frameworks";
				PRODUCT_NAME = "$(TARGET_NAME)";
			};
			name = Debug;
		};
		43A08B5219EF7830004E0E4E /* Release */ = {
			isa = XCBuildConfiguration;
			buildSettings = {
				ASSETCATALOG_COMPILER_APPICON_NAME = AppIcon;
				INFOPLIST_FILE = polygonButtonDemo/Info.plist;
				LD_RUNPATH_SEARCH_PATHS = "$(inherited) @executable_path/Frameworks";
				PRODUCT_NAME = "$(TARGET_NAME)";
			};
			name = Release;
		};
		43A08B5419EF7830004E0E4E /* Debug */ = {
			isa = XCBuildConfiguration;
			buildSettings = {
				BUNDLE_LOADER = "$(TEST_HOST)";
				FRAMEWORK_SEARCH_PATHS = (
					"$(SDKROOT)/Developer/Library/Frameworks",
					"$(inherited)",
				);
				GCC_PREPROCESSOR_DEFINITIONS = (
					"DEBUG=1",
					"$(inherited)",
				);
				INFOPLIST_FILE = polygonButtonDemoTests/Info.plist;
				LD_RUNPATH_SEARCH_PATHS = "$(inherited) @executable_path/Frameworks @loader_path/Frameworks";
				PRODUCT_NAME = "$(TARGET_NAME)";
				TEST_HOST = "$(BUILT_PRODUCTS_DIR)/polygonButtonDemo.app/polygonButtonDemo";
			};
			name = Debug;
		};
		43A08B5519EF7830004E0E4E /* Release */ = {
			isa = XCBuildConfiguration;
			buildSettings = {
				BUNDLE_LOADER = "$(TEST_HOST)";
				FRAMEWORK_SEARCH_PATHS = (
					"$(SDKROOT)/Developer/Library/Frameworks",
					"$(inherited)",
				);
				INFOPLIST_FILE = polygonButtonDemoTests/Info.plist;
				LD_RUNPATH_SEARCH_PATHS = "$(inherited) @executable_path/Frameworks @loader_path/Frameworks";
				PRODUCT_NAME = "$(TARGET_NAME)";
				TEST_HOST = "$(BUILT_PRODUCTS_DIR)/polygonButtonDemo.app/polygonButtonDemo";
			};
			name = Release;
		};
/* End XCBuildConfiguration section */

/* Begin XCConfigurationList section */
		43A08B2519EF7830004E0E4E /* Build configuration list for PBXProject "polygonButtonDemo" */ = {
			isa = XCConfigurationList;
			buildConfigurations = (
				43A08B4E19EF7830004E0E4E /* Debug */,
				43A08B4F19EF7830004E0E4E /* Release */,
			);
			defaultConfigurationIsVisible = 0;
			defaultConfigurationName = Release;
		};
		43A08B5019EF7830004E0E4E /* Build configuration list for PBXNativeTarget "polygonButtonDemo" */ = {
			isa = XCConfigurationList;
			buildConfigurations = (
				43A08B5119EF7830004E0E4E /* Debug */,
				43A08B5219EF7830004E0E4E /* Release */,
			);
			defaultConfigurationIsVisible = 0;
			defaultConfigurationName = Release;
		};
		43A08B5319EF7830004E0E4E /* Build configuration list for PBXNativeTarget "polygonButtonDemoTests" */ = {
			isa = XCConfigurationList;
			buildConfigurations = (
				43A08B5419EF7830004E0E4E /* Debug */,
				43A08B5519EF7830004E0E4E /* Release */,
			);
			defaultConfigurationIsVisible = 0;
			defaultConfigurationName = Release;
		};
/* End XCConfigurationList section */

/* Begin XCVersionGroup section */
		43A08B3419EF7830004E0E4E /* polygonButtonDemo.xcdatamodeld */ = {
			isa = XCVersionGroup;
			children = (
				43A08B3519EF7830004E0E4E /* polygonButtonDemo.xcdatamodel */,
			);
			currentVersion = 43A08B3519EF7830004E0E4E /* polygonButtonDemo.xcdatamodel */;
			path = polygonButtonDemo.xcdatamodeld;
			sourceTree = "<group>";
			versionGroupType = wrapper.xcdatamodel;
		};
/* End XCVersionGroup section */
	};
	rootObject = 43A08B2219EF7830004E0E4E /* Project object */;
}
